
Microsoft Visual Studio Solution File, Format Version 12.00
# Visual Studio Version 17
VisualStudioVersion = 17.6.33815.320
MinimumVisualStudioVersion = 10.0.40219.1
Project("{FAE04EC0-301F-11D3-BF4B-00C04F79EFBC}") = "MesleklerUI", "MesleklerUI\MesleklerUI.csproj", "{BE44C621-ABE4-4D9E-89F7-E9CE6DFF8C68}"
EndProject
Global
	GlobalSection(SolutionConfigurationPlatforms) = preSolution
		Debug|Any CPU = Debug|Any CPU
		Release|Any CPU = Release|Any CPU
	EndGlobalSection
	GlobalSection(ProjectConfigurationPlatforms) = postSolution
		{BE44C621-ABE4-4D9E-89F7-E9CE6DFF8C68}.Debug|Any CPU.ActiveCfg = Debug|Any CPU
		{BE44C621-ABE4-4D9E-89F7-E9CE6DFF8C68}.Debug|Any CPU.Build.0 = Debug|Any CPU
		{BE44C621-ABE4-4D9E-89F7-E9CE6DFF8C68}.Release|Any CPU.ActiveCfg = Release|Any CPU
		{BE44C621-ABE4-4D9E-89F7-E9CE6DFF8C68}.Release|Any CPU.Build.0 = Release|Any CPU
	EndGlobalSection
	GlobalSection(SolutionProperties) = preSolution
		HideSolutionNode = FALSE
	EndGlobalSection
	GlobalSection(ExtensibilityGlobals) = postSolution
		SolutionGuid = {626468BD-12F5-47D2-82CE-3FF7A5014C0C}
	EndGlobalSection
EndGlobal
